
Microsoft Visual Studio Solution File, Format Version 12.00
# Visual Studio 2012
Project("{FAE04EC0-301F-11D3-BF4B-00C04F79EFBC}") = "WhyIsMyFirstSaveSoSlowRaven25", "WhyIsMyFirstSaveSoSlowRaven25\WhyIsMyFirstSaveSoSlowRaven25.csproj", "{C1770BCF-6D45-432A-84D3-C3C594FD120E}"
EndProject
Global
	GlobalSection(SolutionConfigurationPlatforms) = preSolution
		Debug|Any CPU = Debug|Any CPU
		Release|Any CPU = Release|Any CPU
	EndGlobalSection
	GlobalSection(ProjectConfigurationPlatforms) = postSolution
		{C1770BCF-6D45-432A-84D3-C3C594FD120E}.Debug|Any CPU.ActiveCfg = Debug|Any CPU
		{C1770BCF-6D45-432A-84D3-C3C594FD120E}.Debug|Any CPU.Build.0 = Debug|Any CPU
		{C1770BCF-6D45-432A-84D3-C3C594FD120E}.Release|Any CPU.ActiveCfg = Release|Any CPU
		{C1770BCF-6D45-432A-84D3-C3C594FD120E}.Release|Any CPU.Build.0 = Release|Any CPU
	EndGlobalSection
	GlobalSection(SolutionProperties) = preSolution
		HideSolutionNode = FALSE
	EndGlobalSection
EndGlobal
