
Microsoft Visual Studio Solution File, Format Version 11.00
# Visual Studio 2010
Project("{FAE04EC0-301F-11D3-BF4B-00C04F79EFBC}") = "spring-questions", "spring-questions\spring-questions.csproj", "{1C865FCF-EA8F-47C4-BA67-CDCA3C0A9E9B}"
EndProject
Project("{FAE04EC0-301F-11D3-BF4B-00C04F79EFBC}") = "q7370823-spring-net-inject-dictionary-order-question", "q7370823-spring-net-inject-dictionary-order-question\q7370823-spring-net-inject-dictionary-order-question.csproj", "{66EDCA90-0F4F-4A5E-8840-72130782B586}"
EndProject
Project("{FAE04EC0-301F-11D3-BF4B-00C04F79EFBC}") = "q7991262-accessing-configurationmanager", "q7991262-accessing-configurationmanager\q7991262-accessing-configurationmanager.csproj", "{2BF95BBC-087C-47E2-A177-4E5F299118BF}"
EndProject
Project("{FAE04EC0-301F-11D3-BF4B-00C04F79EFBC}") = "q8027367-initializing-idictionary-object-property-in-spring-net", "8027367-initializing-idictionary-object-property-in-spring-net\q8027367-initializing-idictionary-object-property-in-spring-net.csproj", "{C68A6DF8-CBE6-4F1B-AA2F-A132A70C5D35}"
EndProject
Project("{FAE04EC0-301F-11D3-BF4B-00C04F79EFBC}") = "q8029460-spring-net-logging-example", "q8029460\q8029460-spring-net-logging-example.csproj", "{5AAAB706-5C58-47B2-A01A-42E5C25D0687}"
EndProject
Project("{FAE04EC0-301F-11D3-BF4B-00C04F79EFBC}") = "q8081112-inject-hashtable-in-spring-net", "q8081112-inject-hashtable-in-spring-net\q8081112-inject-hashtable-in-spring-net.csproj", "{6B93D055-B930-41EC-B9BF-7004F6B0DB34}"
EndProject
Project("{FAE04EC0-301F-11D3-BF4B-00C04F79EFBC}") = "q8121697", "q8121697\q8121697.csproj", "{A0EEC258-52D5-459D-ABA1-57298F0D6A28}"
EndProject
Global
	GlobalSection(SolutionConfigurationPlatforms) = preSolution
		Debug|x86 = Debug|x86
		Release|x86 = Release|x86
	EndGlobalSection
	GlobalSection(ProjectConfigurationPlatforms) = postSolution
		{1C865FCF-EA8F-47C4-BA67-CDCA3C0A9E9B}.Debug|x86.ActiveCfg = Debug|x86
		{1C865FCF-EA8F-47C4-BA67-CDCA3C0A9E9B}.Debug|x86.Build.0 = Debug|x86
		{1C865FCF-EA8F-47C4-BA67-CDCA3C0A9E9B}.Release|x86.ActiveCfg = Release|x86
		{1C865FCF-EA8F-47C4-BA67-CDCA3C0A9E9B}.Release|x86.Build.0 = Release|x86
		{66EDCA90-0F4F-4A5E-8840-72130782B586}.Debug|x86.ActiveCfg = Debug|x86
		{66EDCA90-0F4F-4A5E-8840-72130782B586}.Debug|x86.Build.0 = Debug|x86
		{66EDCA90-0F4F-4A5E-8840-72130782B586}.Release|x86.ActiveCfg = Release|x86
		{66EDCA90-0F4F-4A5E-8840-72130782B586}.Release|x86.Build.0 = Release|x86
		{2BF95BBC-087C-47E2-A177-4E5F299118BF}.Debug|x86.ActiveCfg = Debug|x86
		{2BF95BBC-087C-47E2-A177-4E5F299118BF}.Debug|x86.Build.0 = Debug|x86
		{2BF95BBC-087C-47E2-A177-4E5F299118BF}.Release|x86.ActiveCfg = Release|x86
		{2BF95BBC-087C-47E2-A177-4E5F299118BF}.Release|x86.Build.0 = Release|x86
		{C68A6DF8-CBE6-4F1B-AA2F-A132A70C5D35}.Debug|x86.ActiveCfg = Debug|x86
		{C68A6DF8-CBE6-4F1B-AA2F-A132A70C5D35}.Debug|x86.Build.0 = Debug|x86
		{C68A6DF8-CBE6-4F1B-AA2F-A132A70C5D35}.Release|x86.ActiveCfg = Release|x86
		{C68A6DF8-CBE6-4F1B-AA2F-A132A70C5D35}.Release|x86.Build.0 = Release|x86
		{5AAAB706-5C58-47B2-A01A-42E5C25D0687}.Debug|x86.ActiveCfg = Debug|x86
		{5AAAB706-5C58-47B2-A01A-42E5C25D0687}.Debug|x86.Build.0 = Debug|x86
		{5AAAB706-5C58-47B2-A01A-42E5C25D0687}.Release|x86.ActiveCfg = Release|x86
		{5AAAB706-5C58-47B2-A01A-42E5C25D0687}.Release|x86.Build.0 = Release|x86
		{6B93D055-B930-41EC-B9BF-7004F6B0DB34}.Debug|x86.ActiveCfg = Debug|x86
		{6B93D055-B930-41EC-B9BF-7004F6B0DB34}.Debug|x86.Build.0 = Debug|x86
		{6B93D055-B930-41EC-B9BF-7004F6B0DB34}.Release|x86.ActiveCfg = Release|x86
		{6B93D055-B930-41EC-B9BF-7004F6B0DB34}.Release|x86.Build.0 = Release|x86
		{A0EEC258-52D5-459D-ABA1-57298F0D6A28}.Debug|x86.ActiveCfg = Debug|x86
		{A0EEC258-52D5-459D-ABA1-57298F0D6A28}.Debug|x86.Build.0 = Debug|x86
		{A0EEC258-52D5-459D-ABA1-57298F0D6A28}.Release|x86.ActiveCfg = Release|x86
		{A0EEC258-52D5-459D-ABA1-57298F0D6A28}.Release|x86.Build.0 = Release|x86
	EndGlobalSection
	GlobalSection(SolutionProperties) = preSolution
		HideSolutionNode = FALSE
	EndGlobalSection
EndGlobal
