
Microsoft Visual Studio Solution File, Format Version 11.00
# Visual Studio 2010
Project("{FAE04EC0-301F-11D3-BF4B-00C04F79EFBC}") = "spring-questions", "spring-questions\spring-questions.csproj", "{1C865FCF-EA8F-47C4-BA67-CDCA3C0A9E9B}"
EndProject
Project("{FAE04EC0-301F-11D3-BF4B-00C04F79EFBC}") = "q7370823-spring-net-inject-dictionary-order-question", "q7370823-spring-net-inject-dictionary-order-question\q7370823-spring-net-inject-dictionary-order-question.csproj", "{66EDCA90-0F4F-4A5E-8840-72130782B586}"
EndProject
Project("{FAE04EC0-301F-11D3-BF4B-00C04F79EFBC}") = "q7991262-accessing-configurationmanager", "q7991262-accessing-configurationmanager\q7991262-accessing-configurationmanager.csproj", "{2BF95BBC-087C-47E2-A177-4E5F299118BF}"
EndProject
Project("{FAE04EC0-301F-11D3-BF4B-00C04F79EFBC}") = "q8027367-initializing-idictionary-object-property-in-spring-net", "8027367-initializing-idictionary-object-property-in-spring-net\q8027367-initializing-idictionary-object-property-in-spring-net.csproj", "{C68A6DF8-CBE6-4F1B-AA2F-A132A70C5D35}"
EndProject
Project("{FAE04EC0-301F-11D3-BF4B-00C04F79EFBC}") = "q8029460-spring-net-logging-example", "q8029460\q8029460-spring-net-logging-example.csproj", "{5AAAB706-5C58-47B2-A01A-42E5C25D0687}"
EndProject
Project("{FAE04EC0-301F-11D3-BF4B-00C04F79EFBC}") = "q8081112-inject-hashtable-in-spring-net", "q8081112-inject-hashtable-in-spring-net\q8081112-inject-hashtable-in-spring-net.csproj", "{6B93D055-B930-41EC-B9BF-7004F6B0DB34}"
EndProject
Project("{FAE04EC0-301F-11D3-BF4B-00C04F79EFBC}") = "q8121697", "q8121697\q8121697.csproj", "{A0EEC258-52D5-459D-ABA1-57298F0D6A28}"
EndProject
Project("{FAE04EC0-301F-11D3-BF4B-00C04F79EFBC}") = "q8167718ExceptionHandlerAdvice", "q8167718ExceptionHandlerAdvice\q8167718ExceptionHandlerAdvice.csproj", "{7732BA3E-BC4B-4FD0-B0C7-61C87BE80A8C}"
EndProject
Project("{FAE04EC0-301F-11D3-BF4B-00C04F79EFBC}") = "q8196368", "q8196368\q8196368.csproj", "{3715C71C-3E98-4C74-86E6-C75AA3AB7880}"
EndProject
Project("{FAE04EC0-301F-11D3-BF4B-00C04F79EFBC}") = "q8256126", "q8256126\q8256126.csproj", "{48049C3A-57CC-4776-837F-E5884207B36C}"
EndProject
Project("{FAE04EC0-301F-11D3-BF4B-00C04F79EFBC}") = "q8433676", "q8433676\q8433676.csproj", "{CC879343-56C6-4283-A93A-DEF298FF0484}"
EndProject
Project("{FAE04EC0-301F-11D3-BF4B-00C04F79EFBC}") = "q8492994-exception-from-methodinvokingfactoryobject", "q8492994-exception-from-methodinvokingfactoryobject\q8492994-exception-from-methodinvokingfactoryobject.csproj", "{FFDC7158-927F-446C-84F2-0A1EC0581D29}"
EndProject
Project("{FAE04EC0-301F-11D3-BF4B-00C04F79EFBC}") = "q8689750-spring-net-error-propertyaccessexceptions-generics", "q8689750-spring-net-error-propertyaccessexceptions-generics\q8689750-spring-net-error-propertyaccessexceptions-generics.csproj", "{55B0EC39-F32D-4559-A95B-2E50D0B4CA78}"
EndProject
Project("{FAE04EC0-301F-11D3-BF4B-00C04F79EFBC}") = "q8805267-how-to-reload-context", "q8805267-how-to-reload-context\q8805267-how-to-reload-context.csproj", "{0545F6D2-480A-4563-89FC-60CB517CC81B}"
EndProject
Global
	GlobalSection(SolutionConfigurationPlatforms) = preSolution
		Debug|x86 = Debug|x86
		Release|x86 = Release|x86
	EndGlobalSection
	GlobalSection(ProjectConfigurationPlatforms) = postSolution
		{1C865FCF-EA8F-47C4-BA67-CDCA3C0A9E9B}.Debug|x86.ActiveCfg = Debug|x86
		{1C865FCF-EA8F-47C4-BA67-CDCA3C0A9E9B}.Debug|x86.Build.0 = Debug|x86
		{1C865FCF-EA8F-47C4-BA67-CDCA3C0A9E9B}.Release|x86.ActiveCfg = Release|x86
		{1C865FCF-EA8F-47C4-BA67-CDCA3C0A9E9B}.Release|x86.Build.0 = Release|x86
		{66EDCA90-0F4F-4A5E-8840-72130782B586}.Debug|x86.ActiveCfg = Debug|x86
		{66EDCA90-0F4F-4A5E-8840-72130782B586}.Debug|x86.Build.0 = Debug|x86
		{66EDCA90-0F4F-4A5E-8840-72130782B586}.Release|x86.ActiveCfg = Release|x86
		{66EDCA90-0F4F-4A5E-8840-72130782B586}.Release|x86.Build.0 = Release|x86
		{2BF95BBC-087C-47E2-A177-4E5F299118BF}.Debug|x86.ActiveCfg = Debug|x86
		{2BF95BBC-087C-47E2-A177-4E5F299118BF}.Debug|x86.Build.0 = Debug|x86
		{2BF95BBC-087C-47E2-A177-4E5F299118BF}.Release|x86.ActiveCfg = Release|x86
		{2BF95BBC-087C-47E2-A177-4E5F299118BF}.Release|x86.Build.0 = Release|x86
		{C68A6DF8-CBE6-4F1B-AA2F-A132A70C5D35}.Debug|x86.ActiveCfg = Debug|x86
		{C68A6DF8-CBE6-4F1B-AA2F-A132A70C5D35}.Debug|x86.Build.0 = Debug|x86
		{C68A6DF8-CBE6-4F1B-AA2F-A132A70C5D35}.Release|x86.ActiveCfg = Release|x86
		{C68A6DF8-CBE6-4F1B-AA2F-A132A70C5D35}.Release|x86.Build.0 = Release|x86
		{5AAAB706-5C58-47B2-A01A-42E5C25D0687}.Debug|x86.ActiveCfg = Debug|x86
		{5AAAB706-5C58-47B2-A01A-42E5C25D0687}.Debug|x86.Build.0 = Debug|x86
		{5AAAB706-5C58-47B2-A01A-42E5C25D0687}.Release|x86.ActiveCfg = Release|x86
		{5AAAB706-5C58-47B2-A01A-42E5C25D0687}.Release|x86.Build.0 = Release|x86
		{6B93D055-B930-41EC-B9BF-7004F6B0DB34}.Debug|x86.ActiveCfg = Debug|x86
		{6B93D055-B930-41EC-B9BF-7004F6B0DB34}.Debug|x86.Build.0 = Debug|x86
		{6B93D055-B930-41EC-B9BF-7004F6B0DB34}.Release|x86.ActiveCfg = Release|x86
		{6B93D055-B930-41EC-B9BF-7004F6B0DB34}.Release|x86.Build.0 = Release|x86
		{A0EEC258-52D5-459D-ABA1-57298F0D6A28}.Debug|x86.ActiveCfg = Debug|x86
		{A0EEC258-52D5-459D-ABA1-57298F0D6A28}.Debug|x86.Build.0 = Debug|x86
		{A0EEC258-52D5-459D-ABA1-57298F0D6A28}.Release|x86.ActiveCfg = Release|x86
		{A0EEC258-52D5-459D-ABA1-57298F0D6A28}.Release|x86.Build.0 = Release|x86
		{7732BA3E-BC4B-4FD0-B0C7-61C87BE80A8C}.Debug|x86.ActiveCfg = Debug|x86
		{7732BA3E-BC4B-4FD0-B0C7-61C87BE80A8C}.Debug|x86.Build.0 = Debug|x86
		{7732BA3E-BC4B-4FD0-B0C7-61C87BE80A8C}.Release|x86.ActiveCfg = Release|x86
		{7732BA3E-BC4B-4FD0-B0C7-61C87BE80A8C}.Release|x86.Build.0 = Release|x86
		{3715C71C-3E98-4C74-86E6-C75AA3AB7880}.Debug|x86.ActiveCfg = Debug|x86
		{3715C71C-3E98-4C74-86E6-C75AA3AB7880}.Debug|x86.Build.0 = Debug|x86
		{3715C71C-3E98-4C74-86E6-C75AA3AB7880}.Release|x86.ActiveCfg = Release|x86
		{3715C71C-3E98-4C74-86E6-C75AA3AB7880}.Release|x86.Build.0 = Release|x86
		{48049C3A-57CC-4776-837F-E5884207B36C}.Debug|x86.ActiveCfg = Debug|x86
		{48049C3A-57CC-4776-837F-E5884207B36C}.Debug|x86.Build.0 = Debug|x86
		{48049C3A-57CC-4776-837F-E5884207B36C}.Release|x86.ActiveCfg = Release|x86
		{48049C3A-57CC-4776-837F-E5884207B36C}.Release|x86.Build.0 = Release|x86
		{CC879343-56C6-4283-A93A-DEF298FF0484}.Debug|x86.ActiveCfg = Debug|x86
		{CC879343-56C6-4283-A93A-DEF298FF0484}.Debug|x86.Build.0 = Debug|x86
		{CC879343-56C6-4283-A93A-DEF298FF0484}.Release|x86.ActiveCfg = Release|x86
		{CC879343-56C6-4283-A93A-DEF298FF0484}.Release|x86.Build.0 = Release|x86
		{FFDC7158-927F-446C-84F2-0A1EC0581D29}.Debug|x86.ActiveCfg = Debug|x86
		{FFDC7158-927F-446C-84F2-0A1EC0581D29}.Debug|x86.Build.0 = Debug|x86
		{FFDC7158-927F-446C-84F2-0A1EC0581D29}.Release|x86.ActiveCfg = Release|x86
		{FFDC7158-927F-446C-84F2-0A1EC0581D29}.Release|x86.Build.0 = Release|x86
		{55B0EC39-F32D-4559-A95B-2E50D0B4CA78}.Debug|x86.ActiveCfg = Debug|x86
		{55B0EC39-F32D-4559-A95B-2E50D0B4CA78}.Debug|x86.Build.0 = Debug|x86
		{55B0EC39-F32D-4559-A95B-2E50D0B4CA78}.Release|x86.ActiveCfg = Release|x86
		{55B0EC39-F32D-4559-A95B-2E50D0B4CA78}.Release|x86.Build.0 = Release|x86
		{0545F6D2-480A-4563-89FC-60CB517CC81B}.Debug|x86.ActiveCfg = Debug|x86
		{0545F6D2-480A-4563-89FC-60CB517CC81B}.Debug|x86.Build.0 = Debug|x86
		{0545F6D2-480A-4563-89FC-60CB517CC81B}.Release|x86.ActiveCfg = Release|x86
		{0545F6D2-480A-4563-89FC-60CB517CC81B}.Release|x86.Build.0 = Release|x86
	EndGlobalSection
	GlobalSection(SolutionProperties) = preSolution
		HideSolutionNode = FALSE
	EndGlobalSection
EndGlobal
