
Microsoft Visual Studio Solution File, Format Version 11.00
# Visual Studio 2010
Project("{FAE04EC0-301F-11D3-BF4B-00C04F79EFBC}") = "spring-questions", "spring-questions\spring-questions.csproj", "{1C865FCF-EA8F-47C4-BA67-CDCA3C0A9E9B}"
EndProject
Project("{FAE04EC0-301F-11D3-BF4B-00C04F79EFBC}") = "q7370823-spring-net-inject-dictionary-order-question", "q7370823-spring-net-inject-dictionary-order-question\q7370823-spring-net-inject-dictionary-order-question.csproj", "{66EDCA90-0F4F-4A5E-8840-72130782B586}"
EndProject
Project("{FAE04EC0-301F-11D3-BF4B-00C04F79EFBC}") = "q7991262-accessing-configurationmanager", "q7991262-accessing-configurationmanager\q7991262-accessing-configurationmanager.csproj", "{2BF95BBC-087C-47E2-A177-4E5F299118BF}"
EndProject
Project("{FAE04EC0-301F-11D3-BF4B-00C04F79EFBC}") = "q8027367-initializing-idictionary-object-property-in-spring-net", "8027367-initializing-idictionary-object-property-in-spring-net\q8027367-initializing-idictionary-object-property-in-spring-net.csproj", "{C68A6DF8-CBE6-4F1B-AA2F-A132A70C5D35}"
EndProject
Project("{FAE04EC0-301F-11D3-BF4B-00C04F79EFBC}") = "q8029460-spring-net-logging-example", "q8029460\q8029460-spring-net-logging-example.csproj", "{5AAAB706-5C58-47B2-A01A-42E5C25D0687}"
EndProject
Project("{FAE04EC0-301F-11D3-BF4B-00C04F79EFBC}") = "q8081112-inject-hashtable-in-spring-net", "q8081112-inject-hashtable-in-spring-net\q8081112-inject-hashtable-in-spring-net.csproj", "{6B93D055-B930-41EC-B9BF-7004F6B0DB34}"
EndProject
Project("{FAE04EC0-301F-11D3-BF4B-00C04F79EFBC}") = "q8121697", "q8121697\q8121697.csproj", "{A0EEC258-52D5-459D-ABA1-57298F0D6A28}"
EndProject
Project("{FAE04EC0-301F-11D3-BF4B-00C04F79EFBC}") = "q8167718ExceptionHandlerAdvice", "q8167718ExceptionHandlerAdvice\q8167718ExceptionHandlerAdvice.csproj", "{7732BA3E-BC4B-4FD0-B0C7-61C87BE80A8C}"
EndProject
Project("{FAE04EC0-301F-11D3-BF4B-00C04F79EFBC}") = "q8196368", "q8196368\q8196368.csproj", "{3715C71C-3E98-4C74-86E6-C75AA3AB7880}"
EndProject
Project("{FAE04EC0-301F-11D3-BF4B-00C04F79EFBC}") = "q8256126", "q8256126\q8256126.csproj", "{48049C3A-57CC-4776-837F-E5884207B36C}"
EndProject
Project("{FAE04EC0-301F-11D3-BF4B-00C04F79EFBC}") = "q8433676InjectType", "q8433676\q8433676InjectType.csproj", "{CC879343-56C6-4283-A93A-DEF298FF0484}"
EndProject
Project("{FAE04EC0-301F-11D3-BF4B-00C04F79EFBC}") = "q8492994-exception-from-methodinvokingfactoryobject", "q8492994-exception-from-methodinvokingfactoryobject\q8492994-exception-from-methodinvokingfactoryobject.csproj", "{FFDC7158-927F-446C-84F2-0A1EC0581D29}"
EndProject
Project("{FAE04EC0-301F-11D3-BF4B-00C04F79EFBC}") = "q8689750-spring-net-error-propertyaccessexceptions-generics", "q8689750-spring-net-error-propertyaccessexceptions-generics\q8689750-spring-net-error-propertyaccessexceptions-generics.csproj", "{55B0EC39-F32D-4559-A95B-2E50D0B4CA78}"
EndProject
Project("{FAE04EC0-301F-11D3-BF4B-00C04F79EFBC}") = "q8805267-how-to-reload-context", "q8805267-how-to-reload-context\q8805267-how-to-reload-context.csproj", "{0545F6D2-480A-4563-89FC-60CB517CC81B}"
EndProject
Project("{FAE04EC0-301F-11D3-BF4B-00C04F79EFBC}") = "q8892913-combine-paths-in-xml-config", "q8892913-combine-paths-in-xml-config\q8892913-combine-paths-in-xml-config.csproj", "{F3153E56-D8C7-413E-AB67-06A96FFAD813}"
EndProject
Project("{FAE04EC0-301F-11D3-BF4B-00C04F79EFBC}") = "q8932396_inheritance_based_proxies", "q8932396_inheritance_based_proxies\q8932396_inheritance_based_proxies.csproj", "{E9B107EB-1732-46A2-893E-562DC63FF49E}"
EndProject
Project("{FAE04EC0-301F-11D3-BF4B-00C04F79EFBC}") = "q8981997_membership_provider_in_unit_test", "q8981997_membership_provider_in_unit_test\q8981997_membership_provider_in_unit_test.csproj", "{895B3279-EE37-4276-9352-235EF8830A2D}"
EndProject
Project("{FAE04EC0-301F-11D3-BF4B-00C04F79EFBC}") = "q9114762_aop_on_mvc_controllers", "q9114762_aop_on_mvc_controllers\q9114762_aop_on_mvc_controllers.csproj", "{91308FD0-BE81-48A2-B04A-25560ED1C11E}"
EndProject
Project("{FAE04EC0-301F-11D3-BF4B-00C04F79EFBC}") = "q9114762_aop_on_mvc_controllers.Tests", "q9114762_aop_on_mvc_controllers.Tests\q9114762_aop_on_mvc_controllers.Tests.csproj", "{0E344495-FC3E-41FA-A081-EBB1BF73F0DB}"
EndProject
Project("{FAE04EC0-301F-11D3-BF4B-00C04F79EFBC}") = "q9235417-spring-net-and-protobuf-object-instantiation", "q9235417-spring-net-and-protobuf-object-instantiation\q9235417-spring-net-and-protobuf-object-instantiation.csproj", "{8594DB28-5086-4231-92BB-97ABECBC737A}"
EndProject
Project("{FAE04EC0-301F-11D3-BF4B-00C04F79EFBC}") = "q9257449_springmessage", "q9257449_springmessage\q9257449_springmessage.csproj", "{734F003E-7CB4-4AFF-A988-85B785FAE72C}"
EndProject
Project("{FAE04EC0-301F-11D3-BF4B-00C04F79EFBC}") = "q9292066_null_object_reference", "q9292066_null_object_reference\q9292066_null_object_reference.csproj", "{28388A7E-14C2-474B-A041-523FEEE8B0F5}"
EndProject
Project("{2150E333-8FDC-42A3-9474-1A3956D46DE8}") = ".nuget", ".nuget", "{C809590F-C77F-43CA-81A1-CB1185E48B41}"
	ProjectSection(SolutionItems) = preProject
		.nuget\NuGet.exe = .nuget\NuGet.exe
		.nuget\NuGet.targets = .nuget\NuGet.targets
	EndProjectSection
EndProject
Global
	GlobalSection(SolutionConfigurationPlatforms) = preSolution
		Debug|Any CPU = Debug|Any CPU
		Debug|Mixed Platforms = Debug|Mixed Platforms
		Debug|x86 = Debug|x86
		Release|Any CPU = Release|Any CPU
		Release|Mixed Platforms = Release|Mixed Platforms
		Release|x86 = Release|x86
	EndGlobalSection
	GlobalSection(ProjectConfigurationPlatforms) = postSolution
		{1C865FCF-EA8F-47C4-BA67-CDCA3C0A9E9B}.Debug|Any CPU.ActiveCfg = Debug|x86
		{1C865FCF-EA8F-47C4-BA67-CDCA3C0A9E9B}.Debug|Mixed Platforms.ActiveCfg = Debug|x86
		{1C865FCF-EA8F-47C4-BA67-CDCA3C0A9E9B}.Debug|Mixed Platforms.Build.0 = Debug|x86
		{1C865FCF-EA8F-47C4-BA67-CDCA3C0A9E9B}.Debug|x86.ActiveCfg = Debug|x86
		{1C865FCF-EA8F-47C4-BA67-CDCA3C0A9E9B}.Debug|x86.Build.0 = Debug|x86
		{1C865FCF-EA8F-47C4-BA67-CDCA3C0A9E9B}.Release|Any CPU.ActiveCfg = Release|x86
		{1C865FCF-EA8F-47C4-BA67-CDCA3C0A9E9B}.Release|Mixed Platforms.ActiveCfg = Release|x86
		{1C865FCF-EA8F-47C4-BA67-CDCA3C0A9E9B}.Release|Mixed Platforms.Build.0 = Release|x86
		{1C865FCF-EA8F-47C4-BA67-CDCA3C0A9E9B}.Release|x86.ActiveCfg = Release|x86
		{1C865FCF-EA8F-47C4-BA67-CDCA3C0A9E9B}.Release|x86.Build.0 = Release|x86
		{66EDCA90-0F4F-4A5E-8840-72130782B586}.Debug|Any CPU.ActiveCfg = Debug|x86
		{66EDCA90-0F4F-4A5E-8840-72130782B586}.Debug|Mixed Platforms.ActiveCfg = Debug|x86
		{66EDCA90-0F4F-4A5E-8840-72130782B586}.Debug|Mixed Platforms.Build.0 = Debug|x86
		{66EDCA90-0F4F-4A5E-8840-72130782B586}.Debug|x86.ActiveCfg = Debug|x86
		{66EDCA90-0F4F-4A5E-8840-72130782B586}.Debug|x86.Build.0 = Debug|x86
		{66EDCA90-0F4F-4A5E-8840-72130782B586}.Release|Any CPU.ActiveCfg = Release|x86
		{66EDCA90-0F4F-4A5E-8840-72130782B586}.Release|Mixed Platforms.ActiveCfg = Release|x86
		{66EDCA90-0F4F-4A5E-8840-72130782B586}.Release|Mixed Platforms.Build.0 = Release|x86
		{66EDCA90-0F4F-4A5E-8840-72130782B586}.Release|x86.ActiveCfg = Release|x86
		{66EDCA90-0F4F-4A5E-8840-72130782B586}.Release|x86.Build.0 = Release|x86
		{2BF95BBC-087C-47E2-A177-4E5F299118BF}.Debug|Any CPU.ActiveCfg = Debug|x86
		{2BF95BBC-087C-47E2-A177-4E5F299118BF}.Debug|Mixed Platforms.ActiveCfg = Debug|x86
		{2BF95BBC-087C-47E2-A177-4E5F299118BF}.Debug|Mixed Platforms.Build.0 = Debug|x86
		{2BF95BBC-087C-47E2-A177-4E5F299118BF}.Debug|x86.ActiveCfg = Debug|x86
		{2BF95BBC-087C-47E2-A177-4E5F299118BF}.Debug|x86.Build.0 = Debug|x86
		{2BF95BBC-087C-47E2-A177-4E5F299118BF}.Release|Any CPU.ActiveCfg = Release|x86
		{2BF95BBC-087C-47E2-A177-4E5F299118BF}.Release|Mixed Platforms.ActiveCfg = Release|x86
		{2BF95BBC-087C-47E2-A177-4E5F299118BF}.Release|Mixed Platforms.Build.0 = Release|x86
		{2BF95BBC-087C-47E2-A177-4E5F299118BF}.Release|x86.ActiveCfg = Release|x86
		{2BF95BBC-087C-47E2-A177-4E5F299118BF}.Release|x86.Build.0 = Release|x86
		{C68A6DF8-CBE6-4F1B-AA2F-A132A70C5D35}.Debug|Any CPU.ActiveCfg = Debug|x86
		{C68A6DF8-CBE6-4F1B-AA2F-A132A70C5D35}.Debug|Mixed Platforms.ActiveCfg = Debug|x86
		{C68A6DF8-CBE6-4F1B-AA2F-A132A70C5D35}.Debug|Mixed Platforms.Build.0 = Debug|x86
		{C68A6DF8-CBE6-4F1B-AA2F-A132A70C5D35}.Debug|x86.ActiveCfg = Debug|x86
		{C68A6DF8-CBE6-4F1B-AA2F-A132A70C5D35}.Debug|x86.Build.0 = Debug|x86
		{C68A6DF8-CBE6-4F1B-AA2F-A132A70C5D35}.Release|Any CPU.ActiveCfg = Release|x86
		{C68A6DF8-CBE6-4F1B-AA2F-A132A70C5D35}.Release|Mixed Platforms.ActiveCfg = Release|x86
		{C68A6DF8-CBE6-4F1B-AA2F-A132A70C5D35}.Release|Mixed Platforms.Build.0 = Release|x86
		{C68A6DF8-CBE6-4F1B-AA2F-A132A70C5D35}.Release|x86.ActiveCfg = Release|x86
		{C68A6DF8-CBE6-4F1B-AA2F-A132A70C5D35}.Release|x86.Build.0 = Release|x86
		{5AAAB706-5C58-47B2-A01A-42E5C25D0687}.Debug|Any CPU.ActiveCfg = Debug|x86
		{5AAAB706-5C58-47B2-A01A-42E5C25D0687}.Debug|Mixed Platforms.ActiveCfg = Debug|x86
		{5AAAB706-5C58-47B2-A01A-42E5C25D0687}.Debug|Mixed Platforms.Build.0 = Debug|x86
		{5AAAB706-5C58-47B2-A01A-42E5C25D0687}.Debug|x86.ActiveCfg = Debug|x86
		{5AAAB706-5C58-47B2-A01A-42E5C25D0687}.Debug|x86.Build.0 = Debug|x86
		{5AAAB706-5C58-47B2-A01A-42E5C25D0687}.Release|Any CPU.ActiveCfg = Release|x86
		{5AAAB706-5C58-47B2-A01A-42E5C25D0687}.Release|Mixed Platforms.ActiveCfg = Release|x86
		{5AAAB706-5C58-47B2-A01A-42E5C25D0687}.Release|Mixed Platforms.Build.0 = Release|x86
		{5AAAB706-5C58-47B2-A01A-42E5C25D0687}.Release|x86.ActiveCfg = Release|x86
		{5AAAB706-5C58-47B2-A01A-42E5C25D0687}.Release|x86.Build.0 = Release|x86
		{6B93D055-B930-41EC-B9BF-7004F6B0DB34}.Debug|Any CPU.ActiveCfg = Debug|x86
		{6B93D055-B930-41EC-B9BF-7004F6B0DB34}.Debug|Mixed Platforms.ActiveCfg = Debug|x86
		{6B93D055-B930-41EC-B9BF-7004F6B0DB34}.Debug|Mixed Platforms.Build.0 = Debug|x86
		{6B93D055-B930-41EC-B9BF-7004F6B0DB34}.Debug|x86.ActiveCfg = Debug|x86
		{6B93D055-B930-41EC-B9BF-7004F6B0DB34}.Debug|x86.Build.0 = Debug|x86
		{6B93D055-B930-41EC-B9BF-7004F6B0DB34}.Release|Any CPU.ActiveCfg = Release|x86
		{6B93D055-B930-41EC-B9BF-7004F6B0DB34}.Release|Mixed Platforms.ActiveCfg = Release|x86
		{6B93D055-B930-41EC-B9BF-7004F6B0DB34}.Release|Mixed Platforms.Build.0 = Release|x86
		{6B93D055-B930-41EC-B9BF-7004F6B0DB34}.Release|x86.ActiveCfg = Release|x86
		{6B93D055-B930-41EC-B9BF-7004F6B0DB34}.Release|x86.Build.0 = Release|x86
		{A0EEC258-52D5-459D-ABA1-57298F0D6A28}.Debug|Any CPU.ActiveCfg = Debug|x86
		{A0EEC258-52D5-459D-ABA1-57298F0D6A28}.Debug|Mixed Platforms.ActiveCfg = Debug|x86
		{A0EEC258-52D5-459D-ABA1-57298F0D6A28}.Debug|Mixed Platforms.Build.0 = Debug|x86
		{A0EEC258-52D5-459D-ABA1-57298F0D6A28}.Debug|x86.ActiveCfg = Debug|x86
		{A0EEC258-52D5-459D-ABA1-57298F0D6A28}.Debug|x86.Build.0 = Debug|x86
		{A0EEC258-52D5-459D-ABA1-57298F0D6A28}.Release|Any CPU.ActiveCfg = Release|x86
		{A0EEC258-52D5-459D-ABA1-57298F0D6A28}.Release|Mixed Platforms.ActiveCfg = Release|x86
		{A0EEC258-52D5-459D-ABA1-57298F0D6A28}.Release|Mixed Platforms.Build.0 = Release|x86
		{A0EEC258-52D5-459D-ABA1-57298F0D6A28}.Release|x86.ActiveCfg = Release|x86
		{A0EEC258-52D5-459D-ABA1-57298F0D6A28}.Release|x86.Build.0 = Release|x86
		{7732BA3E-BC4B-4FD0-B0C7-61C87BE80A8C}.Debug|Any CPU.ActiveCfg = Debug|x86
		{7732BA3E-BC4B-4FD0-B0C7-61C87BE80A8C}.Debug|Mixed Platforms.ActiveCfg = Debug|x86
		{7732BA3E-BC4B-4FD0-B0C7-61C87BE80A8C}.Debug|Mixed Platforms.Build.0 = Debug|x86
		{7732BA3E-BC4B-4FD0-B0C7-61C87BE80A8C}.Debug|x86.ActiveCfg = Debug|x86
		{7732BA3E-BC4B-4FD0-B0C7-61C87BE80A8C}.Debug|x86.Build.0 = Debug|x86
		{7732BA3E-BC4B-4FD0-B0C7-61C87BE80A8C}.Release|Any CPU.ActiveCfg = Release|x86
		{7732BA3E-BC4B-4FD0-B0C7-61C87BE80A8C}.Release|Mixed Platforms.ActiveCfg = Release|x86
		{7732BA3E-BC4B-4FD0-B0C7-61C87BE80A8C}.Release|Mixed Platforms.Build.0 = Release|x86
		{7732BA3E-BC4B-4FD0-B0C7-61C87BE80A8C}.Release|x86.ActiveCfg = Release|x86
		{7732BA3E-BC4B-4FD0-B0C7-61C87BE80A8C}.Release|x86.Build.0 = Release|x86
		{3715C71C-3E98-4C74-86E6-C75AA3AB7880}.Debug|Any CPU.ActiveCfg = Debug|x86
		{3715C71C-3E98-4C74-86E6-C75AA3AB7880}.Debug|Mixed Platforms.ActiveCfg = Debug|x86
		{3715C71C-3E98-4C74-86E6-C75AA3AB7880}.Debug|Mixed Platforms.Build.0 = Debug|x86
		{3715C71C-3E98-4C74-86E6-C75AA3AB7880}.Debug|x86.ActiveCfg = Debug|x86
		{3715C71C-3E98-4C74-86E6-C75AA3AB7880}.Debug|x86.Build.0 = Debug|x86
		{3715C71C-3E98-4C74-86E6-C75AA3AB7880}.Release|Any CPU.ActiveCfg = Release|x86
		{3715C71C-3E98-4C74-86E6-C75AA3AB7880}.Release|Mixed Platforms.ActiveCfg = Release|x86
		{3715C71C-3E98-4C74-86E6-C75AA3AB7880}.Release|Mixed Platforms.Build.0 = Release|x86
		{3715C71C-3E98-4C74-86E6-C75AA3AB7880}.Release|x86.ActiveCfg = Release|x86
		{3715C71C-3E98-4C74-86E6-C75AA3AB7880}.Release|x86.Build.0 = Release|x86
		{48049C3A-57CC-4776-837F-E5884207B36C}.Debug|Any CPU.ActiveCfg = Debug|x86
		{48049C3A-57CC-4776-837F-E5884207B36C}.Debug|Mixed Platforms.ActiveCfg = Debug|x86
		{48049C3A-57CC-4776-837F-E5884207B36C}.Debug|Mixed Platforms.Build.0 = Debug|x86
		{48049C3A-57CC-4776-837F-E5884207B36C}.Debug|x86.ActiveCfg = Debug|x86
		{48049C3A-57CC-4776-837F-E5884207B36C}.Debug|x86.Build.0 = Debug|x86
		{48049C3A-57CC-4776-837F-E5884207B36C}.Release|Any CPU.ActiveCfg = Release|x86
		{48049C3A-57CC-4776-837F-E5884207B36C}.Release|Mixed Platforms.ActiveCfg = Release|x86
		{48049C3A-57CC-4776-837F-E5884207B36C}.Release|Mixed Platforms.Build.0 = Release|x86
		{48049C3A-57CC-4776-837F-E5884207B36C}.Release|x86.ActiveCfg = Release|x86
		{48049C3A-57CC-4776-837F-E5884207B36C}.Release|x86.Build.0 = Release|x86
		{CC879343-56C6-4283-A93A-DEF298FF0484}.Debug|Any CPU.ActiveCfg = Debug|x86
		{CC879343-56C6-4283-A93A-DEF298FF0484}.Debug|Mixed Platforms.ActiveCfg = Debug|x86
		{CC879343-56C6-4283-A93A-DEF298FF0484}.Debug|Mixed Platforms.Build.0 = Debug|x86
		{CC879343-56C6-4283-A93A-DEF298FF0484}.Debug|x86.ActiveCfg = Debug|x86
		{CC879343-56C6-4283-A93A-DEF298FF0484}.Debug|x86.Build.0 = Debug|x86
		{CC879343-56C6-4283-A93A-DEF298FF0484}.Release|Any CPU.ActiveCfg = Release|x86
		{CC879343-56C6-4283-A93A-DEF298FF0484}.Release|Mixed Platforms.ActiveCfg = Release|x86
		{CC879343-56C6-4283-A93A-DEF298FF0484}.Release|Mixed Platforms.Build.0 = Release|x86
		{CC879343-56C6-4283-A93A-DEF298FF0484}.Release|x86.ActiveCfg = Release|x86
		{CC879343-56C6-4283-A93A-DEF298FF0484}.Release|x86.Build.0 = Release|x86
		{FFDC7158-927F-446C-84F2-0A1EC0581D29}.Debug|Any CPU.ActiveCfg = Debug|x86
		{FFDC7158-927F-446C-84F2-0A1EC0581D29}.Debug|Mixed Platforms.ActiveCfg = Debug|x86
		{FFDC7158-927F-446C-84F2-0A1EC0581D29}.Debug|Mixed Platforms.Build.0 = Debug|x86
		{FFDC7158-927F-446C-84F2-0A1EC0581D29}.Debug|x86.ActiveCfg = Debug|x86
		{FFDC7158-927F-446C-84F2-0A1EC0581D29}.Debug|x86.Build.0 = Debug|x86
		{FFDC7158-927F-446C-84F2-0A1EC0581D29}.Release|Any CPU.ActiveCfg = Release|x86
		{FFDC7158-927F-446C-84F2-0A1EC0581D29}.Release|Mixed Platforms.ActiveCfg = Release|x86
		{FFDC7158-927F-446C-84F2-0A1EC0581D29}.Release|Mixed Platforms.Build.0 = Release|x86
		{FFDC7158-927F-446C-84F2-0A1EC0581D29}.Release|x86.ActiveCfg = Release|x86
		{FFDC7158-927F-446C-84F2-0A1EC0581D29}.Release|x86.Build.0 = Release|x86
		{55B0EC39-F32D-4559-A95B-2E50D0B4CA78}.Debug|Any CPU.ActiveCfg = Debug|x86
		{55B0EC39-F32D-4559-A95B-2E50D0B4CA78}.Debug|Mixed Platforms.ActiveCfg = Debug|x86
		{55B0EC39-F32D-4559-A95B-2E50D0B4CA78}.Debug|Mixed Platforms.Build.0 = Debug|x86
		{55B0EC39-F32D-4559-A95B-2E50D0B4CA78}.Debug|x86.ActiveCfg = Debug|x86
		{55B0EC39-F32D-4559-A95B-2E50D0B4CA78}.Debug|x86.Build.0 = Debug|x86
		{55B0EC39-F32D-4559-A95B-2E50D0B4CA78}.Release|Any CPU.ActiveCfg = Release|x86
		{55B0EC39-F32D-4559-A95B-2E50D0B4CA78}.Release|Mixed Platforms.ActiveCfg = Release|x86
		{55B0EC39-F32D-4559-A95B-2E50D0B4CA78}.Release|Mixed Platforms.Build.0 = Release|x86
		{55B0EC39-F32D-4559-A95B-2E50D0B4CA78}.Release|x86.ActiveCfg = Release|x86
		{55B0EC39-F32D-4559-A95B-2E50D0B4CA78}.Release|x86.Build.0 = Release|x86
		{0545F6D2-480A-4563-89FC-60CB517CC81B}.Debug|Any CPU.ActiveCfg = Debug|x86
		{0545F6D2-480A-4563-89FC-60CB517CC81B}.Debug|Mixed Platforms.ActiveCfg = Debug|x86
		{0545F6D2-480A-4563-89FC-60CB517CC81B}.Debug|Mixed Platforms.Build.0 = Debug|x86
		{0545F6D2-480A-4563-89FC-60CB517CC81B}.Debug|x86.ActiveCfg = Debug|x86
		{0545F6D2-480A-4563-89FC-60CB517CC81B}.Debug|x86.Build.0 = Debug|x86
		{0545F6D2-480A-4563-89FC-60CB517CC81B}.Release|Any CPU.ActiveCfg = Release|x86
		{0545F6D2-480A-4563-89FC-60CB517CC81B}.Release|Mixed Platforms.ActiveCfg = Release|x86
		{0545F6D2-480A-4563-89FC-60CB517CC81B}.Release|Mixed Platforms.Build.0 = Release|x86
		{0545F6D2-480A-4563-89FC-60CB517CC81B}.Release|x86.ActiveCfg = Release|x86
		{0545F6D2-480A-4563-89FC-60CB517CC81B}.Release|x86.Build.0 = Release|x86
		{F3153E56-D8C7-413E-AB67-06A96FFAD813}.Debug|Any CPU.ActiveCfg = Debug|x86
		{F3153E56-D8C7-413E-AB67-06A96FFAD813}.Debug|Mixed Platforms.ActiveCfg = Debug|x86
		{F3153E56-D8C7-413E-AB67-06A96FFAD813}.Debug|x86.ActiveCfg = Debug|x86
		{F3153E56-D8C7-413E-AB67-06A96FFAD813}.Debug|x86.Build.0 = Debug|x86
		{F3153E56-D8C7-413E-AB67-06A96FFAD813}.Release|Any CPU.ActiveCfg = Release|x86
		{F3153E56-D8C7-413E-AB67-06A96FFAD813}.Release|Mixed Platforms.ActiveCfg = Release|x86
		{F3153E56-D8C7-413E-AB67-06A96FFAD813}.Release|x86.ActiveCfg = Release|x86
		{F3153E56-D8C7-413E-AB67-06A96FFAD813}.Release|x86.Build.0 = Release|x86
		{E9B107EB-1732-46A2-893E-562DC63FF49E}.Debug|Any CPU.ActiveCfg = Debug|x86
		{E9B107EB-1732-46A2-893E-562DC63FF49E}.Debug|Mixed Platforms.ActiveCfg = Debug|x86
		{E9B107EB-1732-46A2-893E-562DC63FF49E}.Debug|Mixed Platforms.Build.0 = Debug|x86
		{E9B107EB-1732-46A2-893E-562DC63FF49E}.Debug|x86.ActiveCfg = Debug|x86
		{E9B107EB-1732-46A2-893E-562DC63FF49E}.Debug|x86.Build.0 = Debug|x86
		{E9B107EB-1732-46A2-893E-562DC63FF49E}.Release|Any CPU.ActiveCfg = Release|x86
		{E9B107EB-1732-46A2-893E-562DC63FF49E}.Release|Mixed Platforms.ActiveCfg = Release|x86
		{E9B107EB-1732-46A2-893E-562DC63FF49E}.Release|Mixed Platforms.Build.0 = Release|x86
		{E9B107EB-1732-46A2-893E-562DC63FF49E}.Release|x86.ActiveCfg = Release|x86
		{E9B107EB-1732-46A2-893E-562DC63FF49E}.Release|x86.Build.0 = Release|x86
		{895B3279-EE37-4276-9352-235EF8830A2D}.Debug|Any CPU.ActiveCfg = Debug|x86
		{895B3279-EE37-4276-9352-235EF8830A2D}.Debug|Mixed Platforms.ActiveCfg = Debug|x86
		{895B3279-EE37-4276-9352-235EF8830A2D}.Debug|Mixed Platforms.Build.0 = Debug|x86
		{895B3279-EE37-4276-9352-235EF8830A2D}.Debug|x86.ActiveCfg = Debug|x86
		{895B3279-EE37-4276-9352-235EF8830A2D}.Debug|x86.Build.0 = Debug|x86
		{895B3279-EE37-4276-9352-235EF8830A2D}.Release|Any CPU.ActiveCfg = Release|x86
		{895B3279-EE37-4276-9352-235EF8830A2D}.Release|Mixed Platforms.ActiveCfg = Release|x86
		{895B3279-EE37-4276-9352-235EF8830A2D}.Release|Mixed Platforms.Build.0 = Release|x86
		{895B3279-EE37-4276-9352-235EF8830A2D}.Release|x86.ActiveCfg = Release|x86
		{895B3279-EE37-4276-9352-235EF8830A2D}.Release|x86.Build.0 = Release|x86
		{91308FD0-BE81-48A2-B04A-25560ED1C11E}.Debug|Any CPU.ActiveCfg = Debug|Any CPU
		{91308FD0-BE81-48A2-B04A-25560ED1C11E}.Debug|Any CPU.Build.0 = Debug|Any CPU
		{91308FD0-BE81-48A2-B04A-25560ED1C11E}.Debug|Mixed Platforms.ActiveCfg = Debug|Any CPU
		{91308FD0-BE81-48A2-B04A-25560ED1C11E}.Debug|Mixed Platforms.Build.0 = Debug|Any CPU
		{91308FD0-BE81-48A2-B04A-25560ED1C11E}.Debug|x86.ActiveCfg = Debug|Any CPU
		{91308FD0-BE81-48A2-B04A-25560ED1C11E}.Release|Any CPU.ActiveCfg = Release|Any CPU
		{91308FD0-BE81-48A2-B04A-25560ED1C11E}.Release|Any CPU.Build.0 = Release|Any CPU
		{91308FD0-BE81-48A2-B04A-25560ED1C11E}.Release|Mixed Platforms.ActiveCfg = Release|Any CPU
		{91308FD0-BE81-48A2-B04A-25560ED1C11E}.Release|Mixed Platforms.Build.0 = Release|Any CPU
		{91308FD0-BE81-48A2-B04A-25560ED1C11E}.Release|x86.ActiveCfg = Release|Any CPU
		{0E344495-FC3E-41FA-A081-EBB1BF73F0DB}.Debug|Any CPU.ActiveCfg = Debug|Any CPU
		{0E344495-FC3E-41FA-A081-EBB1BF73F0DB}.Debug|Any CPU.Build.0 = Debug|Any CPU
		{0E344495-FC3E-41FA-A081-EBB1BF73F0DB}.Debug|Mixed Platforms.ActiveCfg = Debug|Any CPU
		{0E344495-FC3E-41FA-A081-EBB1BF73F0DB}.Debug|Mixed Platforms.Build.0 = Debug|Any CPU
		{0E344495-FC3E-41FA-A081-EBB1BF73F0DB}.Debug|x86.ActiveCfg = Debug|Any CPU
		{0E344495-FC3E-41FA-A081-EBB1BF73F0DB}.Release|Any CPU.ActiveCfg = Release|Any CPU
		{0E344495-FC3E-41FA-A081-EBB1BF73F0DB}.Release|Any CPU.Build.0 = Release|Any CPU
		{0E344495-FC3E-41FA-A081-EBB1BF73F0DB}.Release|Mixed Platforms.ActiveCfg = Release|Any CPU
		{0E344495-FC3E-41FA-A081-EBB1BF73F0DB}.Release|Mixed Platforms.Build.0 = Release|Any CPU
		{0E344495-FC3E-41FA-A081-EBB1BF73F0DB}.Release|x86.ActiveCfg = Release|Any CPU
		{8594DB28-5086-4231-92BB-97ABECBC737A}.Debug|Any CPU.ActiveCfg = Debug|x86
		{8594DB28-5086-4231-92BB-97ABECBC737A}.Debug|Mixed Platforms.ActiveCfg = Debug|x86
		{8594DB28-5086-4231-92BB-97ABECBC737A}.Debug|Mixed Platforms.Build.0 = Debug|x86
		{8594DB28-5086-4231-92BB-97ABECBC737A}.Debug|x86.ActiveCfg = Debug|x86
		{8594DB28-5086-4231-92BB-97ABECBC737A}.Debug|x86.Build.0 = Debug|x86
		{8594DB28-5086-4231-92BB-97ABECBC737A}.Release|Any CPU.ActiveCfg = Release|x86
		{8594DB28-5086-4231-92BB-97ABECBC737A}.Release|Mixed Platforms.ActiveCfg = Release|x86
		{8594DB28-5086-4231-92BB-97ABECBC737A}.Release|Mixed Platforms.Build.0 = Release|x86
		{8594DB28-5086-4231-92BB-97ABECBC737A}.Release|x86.ActiveCfg = Release|x86
		{8594DB28-5086-4231-92BB-97ABECBC737A}.Release|x86.Build.0 = Release|x86
		{734F003E-7CB4-4AFF-A988-85B785FAE72C}.Debug|Any CPU.ActiveCfg = Debug|x86
		{734F003E-7CB4-4AFF-A988-85B785FAE72C}.Debug|Mixed Platforms.ActiveCfg = Debug|x86
		{734F003E-7CB4-4AFF-A988-85B785FAE72C}.Debug|Mixed Platforms.Build.0 = Debug|x86
		{734F003E-7CB4-4AFF-A988-85B785FAE72C}.Debug|x86.ActiveCfg = Debug|x86
		{734F003E-7CB4-4AFF-A988-85B785FAE72C}.Debug|x86.Build.0 = Debug|x86
		{734F003E-7CB4-4AFF-A988-85B785FAE72C}.Release|Any CPU.ActiveCfg = Release|x86
		{734F003E-7CB4-4AFF-A988-85B785FAE72C}.Release|Mixed Platforms.ActiveCfg = Release|x86
		{734F003E-7CB4-4AFF-A988-85B785FAE72C}.Release|Mixed Platforms.Build.0 = Release|x86
		{734F003E-7CB4-4AFF-A988-85B785FAE72C}.Release|x86.ActiveCfg = Release|x86
		{734F003E-7CB4-4AFF-A988-85B785FAE72C}.Release|x86.Build.0 = Release|x86
		{28388A7E-14C2-474B-A041-523FEEE8B0F5}.Debug|Any CPU.ActiveCfg = Debug|x86
		{28388A7E-14C2-474B-A041-523FEEE8B0F5}.Debug|Mixed Platforms.ActiveCfg = Debug|x86
		{28388A7E-14C2-474B-A041-523FEEE8B0F5}.Debug|Mixed Platforms.Build.0 = Debug|x86
		{28388A7E-14C2-474B-A041-523FEEE8B0F5}.Debug|x86.ActiveCfg = Debug|x86
		{28388A7E-14C2-474B-A041-523FEEE8B0F5}.Debug|x86.Build.0 = Debug|x86
		{28388A7E-14C2-474B-A041-523FEEE8B0F5}.Release|Any CPU.ActiveCfg = Release|x86
		{28388A7E-14C2-474B-A041-523FEEE8B0F5}.Release|Mixed Platforms.ActiveCfg = Release|x86
		{28388A7E-14C2-474B-A041-523FEEE8B0F5}.Release|Mixed Platforms.Build.0 = Release|x86
		{28388A7E-14C2-474B-A041-523FEEE8B0F5}.Release|x86.ActiveCfg = Release|x86
		{28388A7E-14C2-474B-A041-523FEEE8B0F5}.Release|x86.Build.0 = Release|x86
	EndGlobalSection
	GlobalSection(SolutionProperties) = preSolution
		HideSolutionNode = FALSE
	EndGlobalSection
EndGlobal
